# This file was autogenerated by uv via the following command:
#    uv pip compile requirements-test.txt --universal --python-version 3.14.2 -o requirements-test.lock
acme==5.7.0
    # via hass-nabucasa
aiodns==4.0.4
    # via
    #   aiohttp-asyncmdnsresolver
    #   homeassistant
aiogithubapi==26.0.0
    # via homeassistant
aiohappyeyeballs==2.7.1
    # via aiohttp
aiohasupervisor==0.6.0
    # via pytest-homeassistant-custom-component
aiohttp==3.14.3
    # via
    #   aiogithubapi
    #   aiohasupervisor
    #   aiohttp-asyncmdnsresolver
    #   aiohttp-cors
    #   aiohttp-fast-zlib
    #   aioresponses
    #   hass-nabucasa
    #   homeassistant
    #   pytest-aiohttp
    #   snitun
aiohttp-asyncmdnsresolver==0.2.0
    # via homeassistant
aiohttp-cors==0.8.1
    # via homeassistant
aiohttp-fast-zlib==0.3.0
    # via homeassistant
aiooui==0.1.9
    # via bluetooth-adapters
aioresponses==0.7.9
    # via -r requirements-test.txt
aiosignal==1.4.0
    # via aiohttp
aiozoneinfo==0.2.3
    # via homeassistant
annotated-types==0.8.0
    # via pydantic
annotatedyaml==1.0.2
    # via homeassistant
anyio==4.15.1
    # via httpx
astral==2.2
    # via homeassistant
async-interrupt==1.2.2
    # via
    #   habluetooth
    #   homeassistant
atomicwrites-homeassistant==1.4.1
    # via
    #   hass-nabucasa
    #   homeassistant
attrs==26.1.0
    # via
    #   aiohttp
    #   hass-nabucasa
    #   homeassistant
audioop-lts==0.2.2
    # via
    #   homeassistant
    #   standard-aifc
awesomeversion==25.8.0
    # via homeassistant
backoff==2.2.1
    # via aiogithubapi
bcrypt==5.0.0
    # via homeassistant
bleak==3.0.2
    # via
    #   bleak-retry-connector
    #   bluetooth-adapters
    #   habluetooth
bleak-retry-connector==4.7.0
    # via habluetooth
bluetooth-adapters==2.4.0
    # via
    #   bleak-retry-connector
    #   bluetooth-auto-recovery
    #   habluetooth
bluetooth-auto-recovery==1.6.4
    # via habluetooth
bluetooth-data-tools==1.29.24
    # via habluetooth
boolean-py==5.0
    # via license-expression
boto3==1.43.89
    # via pycognito
botocore==1.43.89
    # via
    #   boto3
    #   s3transfer
btsocket==0.3.0
    # via
    #   bluetooth-auto-recovery
    #   habluetooth
certifi==2026.7.22
    # via
    #   homeassistant
    #   httpcore
    #   httpx
    #   requests
cffi==2.1.1
    # via
    #   cryptography
    #   pycares
    #   pynacl
charset-normalizer==3.5.1
    # via requests
ciso8601==2.3.3
    # via
    #   hass-nabucasa
    #   homeassistant
colorama==0.4.6 ; sys_platform == 'win32'
    # via
    #   pytest
    #   tqdm
coverage==7.15.4
    # via
    #   pytest-cov
    #   pytest-homeassistant-custom-component
cronsim==2.7
    # via homeassistant
cryptography==48.0.1
    # via
    #   acme
    #   bluetooth-data-tools
    #   hass-nabucasa
    #   homeassistant
    #   josepy
    #   pyjwt
    #   pyopenssl
    #   securetar
    #   snitun
dbus-fast==5.0.22 ; sys_platform == 'linux'
    # via
    #   bleak
    #   bleak-retry-connector
    #   bluetooth-adapters
    #   habluetooth
envs==1.4
    # via pycognito
execnet==2.1.2
    # via pytest-xdist
fnv-hash-fast==2.0.3
    # via homeassistant
fnvhash==0.2.1
    # via fnv-hash-fast
freezegun==1.5.5
    # via
    #   pytest-freezer
    #   pytest-homeassistant-custom-component
frozenlist==1.8.0
    # via
    #   aiohttp
    #   aiosignal
greenlet==3.5.5 ; platform_machine == 'AMD64' or platform_machine == 'WIN32' or platform_machine == 'aarch64' or platform_machine == 'amd64' or platform_machine == 'ppc64le' or platform_machine == 'win32' or platform_machine == 'x86_64'
    # via sqlalchemy
grpcio==1.83.1
    # via hass-nabucasa
h11==0.16.0
    # via httpcore
habluetooth==6.26.11
    # via home-assistant-bluetooth
hass-nabucasa==2.7.0
    # via homeassistant
home-assistant-bluetooth==2.0.0
    # via homeassistant
homeassistant==2026.9.1
    # via
    #   -r requirements-test.txt
    #   pytest-homeassistant-custom-component
httpcore==1.0.9
    # via httpx
httpx==0.28.1
    # via
    #   homeassistant
    #   respx
icmplib==3.0.4
    # via hass-nabucasa
idna==3.19
    # via
    #   anyio
    #   httpx
    #   requests
    #   yarl
ifaddr==0.2.0
    # via
    #   homeassistant
    #   zeroconf
iniconfig==2.3.0
    # via pytest
jinja2==3.1.6
    # via homeassistant
jmespath==1.1.0
    # via
    #   boto3
    #   botocore
josepy==2.2.0
    # via
    #   acme
    #   hass-nabucasa
license-expression==30.4.3
    # via pytest-homeassistant-custom-component
lru-dict==1.4.1
    # via homeassistant
markupsafe==3.0.3
    # via jinja2
mashumaro==3.22
    # via
    #   aiohasupervisor
    #   webrtc-models
mock-open==1.4.0
    # via pytest-homeassistant-custom-component
multidict==6.7.1
    # via
    #   aiohttp
    #   yarl
numpy==2.3.2
    # via pytest-homeassistant-custom-component
orjson==3.11.9
    # via
    #   aiohasupervisor
    #   homeassistant
    #   webrtc-models
packaging==26.3
    # via
    #   aioresponses
    #   homeassistant
    #   pipdeptree
    #   pytest
paho-mqtt==2.1.0
    # via pytest-homeassistant-custom-component
pillow==12.3.0
    # via homeassistant
pip==26.2.1
    # via pipdeptree
pipdeptree==2.26.1
    # via pytest-homeassistant-custom-component
pluggy==1.6.0
    # via
    #   pytest
    #   pytest-cov
probatio==0.11.4
    # via homeassistant
propcache==0.5.2
    # via
    #   aiohttp
    #   annotatedyaml
    #   homeassistant
    #   yarl
psutil==7.2.2
    # via psutil-home-assistant
psutil-home-assistant==0.0.1
    # via homeassistant
pycares==5.0.1
    # via aiodns
pycognito==2024.5.1
    # via
    #   -r requirements-test.txt
    #   hass-nabucasa
pycparser==3.0 ; implementation_name != 'PyPy'
    # via cffi
pydantic==2.13.4
    # via pytest-homeassistant-custom-component
pydantic-core==2.46.4
    # via pydantic
pygithub==2.9.1
    # via pytest-homeassistant-custom-component
pygments==2.21.0
    # via pytest
pyjwt==2.13.0
    # via
    #   hass-nabucasa
    #   homeassistant
    #   pycognito
    #   pygithub
pynacl==1.6.2
    # via
    #   pygithub
    #   securetar
pyobjc-core==12.2.2 ; sys_platform == 'darwin'
    # via
    #   bleak
    #   pyobjc-framework-cocoa
    #   pyobjc-framework-corebluetooth
    #   pyobjc-framework-libdispatch
pyobjc-framework-cocoa==12.2.2 ; sys_platform == 'darwin'
    # via
    #   pyobjc-framework-corebluetooth
    #   pyobjc-framework-libdispatch
pyobjc-framework-corebluetooth==12.2.2 ; sys_platform == 'darwin'
    # via bleak
pyobjc-framework-libdispatch==12.2.2 ; sys_platform == 'darwin'
    # via bleak
pyopenssl==26.2.0
    # via
    #   acme
    #   homeassistant
pyrfc3339==2.1.0
    # via acme
pyric==0.1.6.3
    # via bluetooth-auto-recovery
pytest==9.0.3
    # via
    #   pytest-aiohttp
    #   pytest-asyncio
    #   pytest-cov
    #   pytest-freezer
    #   pytest-github-actions-annotate-failures
    #   pytest-homeassistant-custom-component
    #   pytest-picked
    #   pytest-socket
    #   pytest-timeout
    #   pytest-unordered
    #   pytest-xdist
    #   syrupy
pytest-aiohttp==1.1.1
    # via pytest-homeassistant-custom-component
pytest-asyncio==1.4.0
    # via
    #   pytest-aiohttp
    #   pytest-homeassistant-custom-component
pytest-cov==7.1.0
    # via pytest-homeassistant-custom-component
pytest-freezer==0.4.9
    # via pytest-homeassistant-custom-component
pytest-github-actions-annotate-failures==0.4.2
    # via pytest-homeassistant-custom-component
pytest-homeassistant-custom-component==0.13.364
    # via -r requirements-test.txt
pytest-picked==0.5.1
    # via pytest-homeassistant-custom-component
pytest-socket==0.8.0
    # via pytest-homeassistant-custom-component
pytest-timeout==2.4.0
    # via pytest-homeassistant-custom-component
pytest-unordered==0.8.0
    # via pytest-homeassistant-custom-component
pytest-xdist==3.8.0
    # via pytest-homeassistant-custom-component
python-dateutil==2.9.0.post0
    # via
    #   botocore
    #   freezegun
python-slugify==8.0.4
    # via homeassistant
pytz==2026.3.post1
    # via astral
pyyaml==6.0.3
    # via
    #   annotatedyaml
    #   homeassistant
regex==2026.9.3
    # via sentence-stream
requests==2.34.2
    # via
    #   acme
    #   hass-nabucasa
    #   homeassistant
    #   pycognito
    #   pygithub
    #   pytest-homeassistant-custom-component
    #   requests-mock
requests-mock==1.12.1
    # via pytest-homeassistant-custom-component
respx==0.23.1
    # via pytest-homeassistant-custom-component
ruff==0.16.6
    # via -r requirements-test.txt
s3transfer==0.19.2
    # via boto3
securetar==2026.4.1
    # via homeassistant
sentence-stream==1.3.0
    # via hass-nabucasa
six==1.17.0
    # via python-dateutil
snitun==0.47.0
    # via hass-nabucasa
sqlalchemy==2.0.52
    # via
    #   homeassistant
    #   pytest-homeassistant-custom-component
standard-aifc==3.13.0
    # via homeassistant
standard-chunk==3.13.0
    # via standard-aifc
standard-telnetlib==3.13.0
    # via homeassistant
syrupy==6.0.0
    # via pytest-homeassistant-custom-component
text-unidecode==1.3
    # via python-slugify
tqdm==4.67.1
    # via pytest-homeassistant-custom-component
typing-extensions==4.16.0
    # via
    #   anyio
    #   grpcio
    #   homeassistant
    #   mashumaro
    #   pydantic
    #   pydantic-core
    #   pygithub
    #   sqlalchemy
    #   typing-inspection
    #   winrt-runtime
typing-inspection==0.4.4
    # via pydantic
tzdata==2026.3
    # via aiozoneinfo
uart-devices==0.1.1
    # via bluetooth-adapters
ulid-transform==2.2.9
    # via homeassistant
unidiff==1.0.0
    # via pytest-homeassistant-custom-component
urllib3==2.7.0
    # via
    #   botocore
    #   homeassistant
    #   pygithub
    #   requests
usb-devices==0.5.1
    # via
    #   bluetooth-adapters
    #   bluetooth-auto-recovery
uv==0.12.5
    # via homeassistant
voluptuous==0.16.0
    # via
    #   annotatedyaml
    #   hass-nabucasa
webrtc-models==0.3.0
    # via
    #   hass-nabucasa
    #   homeassistant
winrt-runtime==3.2.1 ; sys_platform == 'win32'
    # via
    #   bleak
    #   winrt-windows-devices-bluetooth
    #   winrt-windows-devices-bluetooth-advertisement
    #   winrt-windows-devices-bluetooth-genericattributeprofile
    #   winrt-windows-devices-enumeration
    #   winrt-windows-devices-radios
    #   winrt-windows-foundation
    #   winrt-windows-foundation-collections
    #   winrt-windows-storage-streams
winrt-windows-devices-bluetooth==3.2.1 ; sys_platform == 'win32'
    # via bleak
winrt-windows-devices-bluetooth-advertisement==3.2.1 ; sys_platform == 'win32'
    # via bleak
winrt-windows-devices-bluetooth-genericattributeprofile==3.2.1 ; sys_platform == 'win32'
    # via bleak
winrt-windows-devices-enumeration==3.2.1 ; sys_platform == 'win32'
    # via bleak
winrt-windows-devices-radios==3.2.1 ; sys_platform == 'win32'
    # via bleak
winrt-windows-foundation==3.2.1 ; sys_platform == 'win32'
    # via bleak
winrt-windows-foundation-collections==3.2.1 ; sys_platform == 'win32'
    # via bleak
winrt-windows-storage-streams==3.2.1 ; sys_platform == 'win32'
    # via bleak
yarl==1.24.5
    # via
    #   aiohttp
    #   hass-nabucasa
    #   homeassistant
zeroconf==0.151.1
    # via
    #   aiohttp-asyncmdnsresolver
    #   homeassistant
